
Microsoft Visual Studio Solution File, Format Version 12.00
# Visual Studio Version 16
VisualStudioVersion = 16.0.31624.102
MinimumVisualStudioVersion = 10.0.40219.1
Project("{FAE04EC0-301F-11D3-BF4B-00C04F79EFBC}") = "Standard_UC_JJO", "Standard_UC_JJO.csproj", "{24BDEB06-738E-4392-A78D-163185A26329}"
EndProject
Project("{FAE04EC0-301F-11D3-BF4B-00C04F79EFBC}") = "test", "..\test\test.csproj", "{626CCCCD-E08C-4A5A-9442-209CB5001FFE}"
EndProject
Global
	GlobalSection(SolutionConfigurationPlatforms) = preSolution
		Debug|Any CPU = Debug|Any CPU
		Release|Any CPU = Release|Any CPU
	EndGlobalSection
	GlobalSection(ProjectConfigurationPlatforms) = postSolution
		{24BDEB06-738E-4392-A78D-163185A26329}.Debug|Any CPU.ActiveCfg = Debug|Any CPU
		{24BDEB06-738E-4392-A78D-163185A26329}.Debug|Any CPU.Build.0 = Debug|Any CPU
		{24BDEB06-738E-4392-A78D-163185A26329}.Release|Any CPU.ActiveCfg = Release|Any CPU
		{24BDEB06-738E-4392-A78D-163185A26329}.Release|Any CPU.Build.0 = Release|Any CPU
		{626CCCCD-E08C-4A5A-9442-209CB5001FFE}.Debug|Any CPU.ActiveCfg = Debug|Any CPU
		{626CCCCD-E08C-4A5A-9442-209CB5001FFE}.Debug|Any CPU.Build.0 = Debug|Any CPU
		{626CCCCD-E08C-4A5A-9442-209CB5001FFE}.Release|Any CPU.ActiveCfg = Release|Any CPU
		{626CCCCD-E08C-4A5A-9442-209CB5001FFE}.Release|Any CPU.Build.0 = Release|Any CPU
	EndGlobalSection
	GlobalSection(SolutionProperties) = preSolution
		HideSolutionNode = FALSE
	EndGlobalSection
	GlobalSection(ExtensibilityGlobals) = postSolution
		SolutionGuid = {025724D4-74AF-491F-8F5D-16BB052B2B30}
	EndGlobalSection
EndGlobal
